
Microsoft Visual Studio Solution File, Format Version 12.00
# Visual Studio Version 16
VisualStudioVersion = 16.0.29319.158
MinimumVisualStudioVersion = 10.0.40219.1
Project("{9A19103F-16F7-4668-BE54-9A1E7A4F7556}") = "CSF.Charity.Api", "src\Api\CSF.Charity.Api\CSF.Charity.Api.csproj", "{724D5EE1-C2C3-42E3-8BAE-D75E57BA3CD8}"
EndProject
Project("{9A19103F-16F7-4668-BE54-9A1E7A4F7556}") = "CSF.Charity.Domain", "src\Domain\CSF.Charity.Domain\CSF.Charity.Domain.csproj", "{C7E89A3E-A631-4760-8D61-BD1EAB1C4E69}"
EndProject
Project("{9A19103F-16F7-4668-BE54-9A1E7A4F7556}") = "CSF.Charity.Application", "src\Application\CSF.Charity.Application\CSF.Charity.Application.csproj", "{34C0FACD-F3D9-400C-8945-554DD6B0819A}"
EndProject
Project("{9A19103F-16F7-4668-BE54-9A1E7A4F7556}") = "CSF.Charity.Infrastructure", "src\Infrastructure\CSF.Charity.Infrastructure\CSF.Charity.Infrastructure.csproj", "{117DA02F-5274-4565-ACC6-DA9B6E568B09}"
EndProject
Project("{2150E333-8FDC-42A3-9474-1A3956D46DE8}") = "src", "src", "{6ED356A7-8B47-4613-AD01-C85CF28491BD}"
EndProject
Project("{2150E333-8FDC-42A3-9474-1A3956D46DE8}") = "tests", "tests", "{664D406C-2F83-48F0-BFC3-408D5CB53C65}"
EndProject
Project("{9A19103F-16F7-4668-BE54-9A1E7A4F7556}") = "CSF.Charity.Application.UnitTests", "tests\CSF.Charity.Application.UnitTests\CSF.Charity.Application.UnitTests.csproj", "{DEFF4009-1FAB-4392-80B6-707E2DC5C00B}"
EndProject
Project("{9A19103F-16F7-4668-BE54-9A1E7A4F7556}") = "CSF.Charity.Domain.UnitTests", "tests\CSF.Charity.Domain.UnitTests\CSF.Charity.Domain.UnitTests.csproj", "{DC37FD87-552C-4613-9F16-1537CA522898}"
EndProject
Project("{9A19103F-16F7-4668-BE54-9A1E7A4F7556}") = "CSF.Charity.Application.IntegrationTests", "tests\CSF.Charity.Application.IntegrationTests\CSF.Charity.Application.IntegrationTests.csproj", "{277029AF-D9E1-4B75-9F11-48FEA7345AD7}"
EndProject
Project("{E53339B2-1760-4266-BCC7-CA923CBCF16C}") = "docker-compose", "docker-compose.dcproj", "{6BD2EC46-FA8F-44F3-AF33-903BBB347116}"
EndProject
Project("{9A19103F-16F7-4668-BE54-9A1E7A4F7556}") = "CSF.Charity.Domain.Core", "src\Domain\CSF.Charity.Domain.Core\CSF.Charity.Domain.Core.csproj", "{F1F7E02A-662A-4E8D-A125-1D7D045AC4A9}"
EndProject
Project("{9A19103F-16F7-4668-BE54-9A1E7A4F7556}") = "CSF.Charity.Infrastructure.Persistance.SqlServer", "src\Infrastructure\CSF.Charity.Infrastructure.Persistance.SqlServer\CSF.Charity.Infrastructure.Persistance.SqlServer.csproj", "{54E379C7-5306-4CFC-8780-2F2DD505FEF1}"
EndProject
Project("{2150E333-8FDC-42A3-9474-1A3956D46DE8}") = "Infrastucture", "Infrastucture", "{5343EB08-D949-4D5E-888B-04E2CD0D0C55}"
EndProject
Project("{2150E333-8FDC-42A3-9474-1A3956D46DE8}") = "Domain", "Domain", "{8B905834-8F3D-4356-A49B-791D9BEBCF17}"
EndProject
Project("{2150E333-8FDC-42A3-9474-1A3956D46DE8}") = "Application", "Application", "{BE9D936C-6018-4E2E-A7E9-BB22CDC76FC0}"
EndProject
Project("{2150E333-8FDC-42A3-9474-1A3956D46DE8}") = "Services", "Services", "{FF891481-61AC-45AF-A79D-EDC927206C18}"
EndProject
Project("{9A19103F-16F7-4668-BE54-9A1E7A4F7556}") = "CSF.Charity.Infrastructure.Persistance.Mongo", "src\Infrastructure\CSF.Charity.Infrastructure.Persistance.Mongo\CSF.Charity.Infrastructure.Persistance.Mongo.csproj", "{A733E3C3-9F8A-4FA0-9EC0-3E4DCBAEF098}"
EndProject
Project("{FAE04EC0-301F-11D3-BF4B-00C04F79EFBC}") = "CSF.Charity.Infrastructure.Identity", "src\Infrastructure\CSF.Charity.Infrastructure.Identity\CSF.Charity.Infrastructure.Identity.csproj", "{802FDD4D-276B-436C-9D9F-75DA57BEAB42}"
EndProject
Global
	GlobalSection(SolutionConfigurationPlatforms) = preSolution
		Debug|Any CPU = Debug|Any CPU
		Release|Any CPU = Release|Any CPU
	EndGlobalSection
	GlobalSection(ProjectConfigurationPlatforms) = postSolution
		{724D5EE1-C2C3-42E3-8BAE-D75E57BA3CD8}.Debug|Any CPU.ActiveCfg = Debug|Any CPU
		{724D5EE1-C2C3-42E3-8BAE-D75E57BA3CD8}.Debug|Any CPU.Build.0 = Debug|Any CPU
		{724D5EE1-C2C3-42E3-8BAE-D75E57BA3CD8}.Release|Any CPU.ActiveCfg = Release|Any CPU
		{724D5EE1-C2C3-42E3-8BAE-D75E57BA3CD8}.Release|Any CPU.Build.0 = Release|Any CPU
		{C7E89A3E-A631-4760-8D61-BD1EAB1C4E69}.Debug|Any CPU.ActiveCfg = Debug|Any CPU
		{C7E89A3E-A631-4760-8D61-BD1EAB1C4E69}.Debug|Any CPU.Build.0 = Debug|Any CPU
		{C7E89A3E-A631-4760-8D61-BD1EAB1C4E69}.Release|Any CPU.ActiveCfg = Release|Any CPU
		{C7E89A3E-A631-4760-8D61-BD1EAB1C4E69}.Release|Any CPU.Build.0 = Release|Any CPU
		{34C0FACD-F3D9-400C-8945-554DD6B0819A}.Debug|Any CPU.ActiveCfg = Debug|Any CPU
		{34C0FACD-F3D9-400C-8945-554DD6B0819A}.Debug|Any CPU.Build.0 = Debug|Any CPU
		{34C0FACD-F3D9-400C-8945-554DD6B0819A}.Release|Any CPU.ActiveCfg = Release|Any CPU
		{34C0FACD-F3D9-400C-8945-554DD6B0819A}.Release|Any CPU.Build.0 = Release|Any CPU
		{117DA02F-5274-4565-ACC6-DA9B6E568B09}.Debug|Any CPU.ActiveCfg = Debug|Any CPU
		{117DA02F-5274-4565-ACC6-DA9B6E568B09}.Debug|Any CPU.Build.0 = Debug|Any CPU
		{117DA02F-5274-4565-ACC6-DA9B6E568B09}.Release|Any CPU.ActiveCfg = Release|Any CPU
		{117DA02F-5274-4565-ACC6-DA9B6E568B09}.Release|Any CPU.Build.0 = Release|Any CPU
		{DEFF4009-1FAB-4392-80B6-707E2DC5C00B}.Debug|Any CPU.ActiveCfg = Debug|Any CPU
		{DEFF4009-1FAB-4392-80B6-707E2DC5C00B}.Debug|Any CPU.Build.0 = Debug|Any CPU
		{DEFF4009-1FAB-4392-80B6-707E2DC5C00B}.Release|Any CPU.ActiveCfg = Release|Any CPU
		{DEFF4009-1FAB-4392-80B6-707E2DC5C00B}.Release|Any CPU.Build.0 = Release|Any CPU
		{DC37FD87-552C-4613-9F16-1537CA522898}.Debug|Any CPU.ActiveCfg = Debug|Any CPU
		{DC37FD87-552C-4613-9F16-1537CA522898}.Debug|Any CPU.Build.0 = Debug|Any CPU
		{DC37FD87-552C-4613-9F16-1537CA522898}.Release|Any CPU.ActiveCfg = Release|Any CPU
		{DC37FD87-552C-4613-9F16-1537CA522898}.Release|Any CPU.Build.0 = Release|Any CPU
		{277029AF-D9E1-4B75-9F11-48FEA7345AD7}.Debug|Any CPU.ActiveCfg = Debug|Any CPU
		{277029AF-D9E1-4B75-9F11-48FEA7345AD7}.Debug|Any CPU.Build.0 = Debug|Any CPU
		{277029AF-D9E1-4B75-9F11-48FEA7345AD7}.Release|Any CPU.ActiveCfg = Release|Any CPU
		{277029AF-D9E1-4B75-9F11-48FEA7345AD7}.Release|Any CPU.Build.0 = Release|Any CPU
		{6BD2EC46-FA8F-44F3-AF33-903BBB347116}.Debug|Any CPU.ActiveCfg = Debug|Any CPU
		{6BD2EC46-FA8F-44F3-AF33-903BBB347116}.Debug|Any CPU.Build.0 = Debug|Any CPU
		{6BD2EC46-FA8F-44F3-AF33-903BBB347116}.Release|Any CPU.ActiveCfg = Release|Any CPU
		{6BD2EC46-FA8F-44F3-AF33-903BBB347116}.Release|Any CPU.Build.0 = Release|Any CPU
		{F1F7E02A-662A-4E8D-A125-1D7D045AC4A9}.Debug|Any CPU.ActiveCfg = Debug|Any CPU
		{F1F7E02A-662A-4E8D-A125-1D7D045AC4A9}.Debug|Any CPU.Build.0 = Debug|Any CPU
		{F1F7E02A-662A-4E8D-A125-1D7D045AC4A9}.Release|Any CPU.ActiveCfg = Release|Any CPU
		{F1F7E02A-662A-4E8D-A125-1D7D045AC4A9}.Release|Any CPU.Build.0 = Release|Any CPU
		{54E379C7-5306-4CFC-8780-2F2DD505FEF1}.Debug|Any CPU.ActiveCfg = Debug|Any CPU
		{54E379C7-5306-4CFC-8780-2F2DD505FEF1}.Debug|Any CPU.Build.0 = Debug|Any CPU
		{54E379C7-5306-4CFC-8780-2F2DD505FEF1}.Release|Any CPU.ActiveCfg = Release|Any CPU
		{54E379C7-5306-4CFC-8780-2F2DD505FEF1}.Release|Any CPU.Build.0 = Release|Any CPU
		{A733E3C3-9F8A-4FA0-9EC0-3E4DCBAEF098}.Debug|Any CPU.ActiveCfg = Debug|Any CPU
		{A733E3C3-9F8A-4FA0-9EC0-3E4DCBAEF098}.Debug|Any CPU.Build.0 = Debug|Any CPU
		{A733E3C3-9F8A-4FA0-9EC0-3E4DCBAEF098}.Release|Any CPU.ActiveCfg = Release|Any CPU
		{A733E3C3-9F8A-4FA0-9EC0-3E4DCBAEF098}.Release|Any CPU.Build.0 = Release|Any CPU
		{802FDD4D-276B-436C-9D9F-75DA57BEAB42}.Debug|Any CPU.ActiveCfg = Debug|Any CPU
		{802FDD4D-276B-436C-9D9F-75DA57BEAB42}.Debug|Any CPU.Build.0 = Debug|Any CPU
		{802FDD4D-276B-436C-9D9F-75DA57BEAB42}.Release|Any CPU.ActiveCfg = Release|Any CPU
		{802FDD4D-276B-436C-9D9F-75DA57BEAB42}.Release|Any CPU.Build.0 = Release|Any CPU
	EndGlobalSection
	GlobalSection(SolutionProperties) = preSolution
		HideSolutionNode = FALSE
	EndGlobalSection
	GlobalSection(NestedProjects) = preSolution
		{724D5EE1-C2C3-42E3-8BAE-D75E57BA3CD8} = {FF891481-61AC-45AF-A79D-EDC927206C18}
		{C7E89A3E-A631-4760-8D61-BD1EAB1C4E69} = {8B905834-8F3D-4356-A49B-791D9BEBCF17}
		{34C0FACD-F3D9-400C-8945-554DD6B0819A} = {BE9D936C-6018-4E2E-A7E9-BB22CDC76FC0}
		{117DA02F-5274-4565-ACC6-DA9B6E568B09} = {5343EB08-D949-4D5E-888B-04E2CD0D0C55}
		{DEFF4009-1FAB-4392-80B6-707E2DC5C00B} = {664D406C-2F83-48F0-BFC3-408D5CB53C65}
		{DC37FD87-552C-4613-9F16-1537CA522898} = {664D406C-2F83-48F0-BFC3-408D5CB53C65}
		{277029AF-D9E1-4B75-9F11-48FEA7345AD7} = {664D406C-2F83-48F0-BFC3-408D5CB53C65}
		{F1F7E02A-662A-4E8D-A125-1D7D045AC4A9} = {8B905834-8F3D-4356-A49B-791D9BEBCF17}
		{54E379C7-5306-4CFC-8780-2F2DD505FEF1} = {5343EB08-D949-4D5E-888B-04E2CD0D0C55}
		{5343EB08-D949-4D5E-888B-04E2CD0D0C55} = {6ED356A7-8B47-4613-AD01-C85CF28491BD}
		{8B905834-8F3D-4356-A49B-791D9BEBCF17} = {6ED356A7-8B47-4613-AD01-C85CF28491BD}
		{BE9D936C-6018-4E2E-A7E9-BB22CDC76FC0} = {6ED356A7-8B47-4613-AD01-C85CF28491BD}
		{FF891481-61AC-45AF-A79D-EDC927206C18} = {6ED356A7-8B47-4613-AD01-C85CF28491BD}
		{A733E3C3-9F8A-4FA0-9EC0-3E4DCBAEF098} = {5343EB08-D949-4D5E-888B-04E2CD0D0C55}
		{802FDD4D-276B-436C-9D9F-75DA57BEAB42} = {5343EB08-D949-4D5E-888B-04E2CD0D0C55}
	EndGlobalSection
	GlobalSection(ExtensibilityGlobals) = postSolution
		SolutionGuid = {3CB609D9-5D54-4C11-A371-DAAC8B74E430}
	EndGlobalSection
EndGlobal
